{
  "name": "com.example.myapp",
  "version": "1.0.0",
  "lockfileVersion": 2,
  "requires": true,
  "packages": {
    "": {
      "name": "com.example.myapp",
      "version": "1.0.0",
      "license": "Apache-2.0",
      "devDependencies": {
        "cordova-plugin-call-number": "^1.0.1"
      }
    },
    "node_modules/cordova-plugin-call-number": {
      "version": "1.0.1",
      "resolved": "https://registry.npmjs.org/cordova-plugin-call-number/-/cordova-plugin-call-number-1.0.1.tgz",
      "integrity": "sha512-xQDJhEokpncK0MHfQvB2a032a0u+RJI3X75Apw5MSemHBhJNVl6sx39RabFIsLyHQWB8Wn1mEY3c+s/GjAk4fw==",
      "dev": true
    }
  },
  "dependencies": {
    "cordova-plugin-call-number": {
      "version": "1.0.1",
      "resolved": "https://registry.npmjs.org/cordova-plugin-call-number/-/cordova-plugin-call-number-1.0.1.tgz",
      "integrity": "sha512-xQDJhEokpncK0MHfQvB2a032a0u+RJI3X75Apw5MSemHBhJNVl6sx39RabFIsLyHQWB8Wn1mEY3c+s/GjAk4fw==",
      "dev": true
    }
  }
}
